
Microsoft Visual Studio Solution File, Format Version 12.00
# Visual Studio Version 16
VisualStudioVersion = 16.0.31410.357
MinimumVisualStudioVersion = 10.0.40219.1
Project("{9A19103F-16F7-4668-BE54-9A1E7A4F7556}") = "Calculator", "Calculator.csproj", "{CBAC279D-BB11-4408-9159-A52E46A367D1}"
EndProject
Project("{2150E333-8FDC-42A3-9474-1A3956D46DE8}") = "Solution Items", "Solution Items", "{DF95F4B6-5280-4D69-B9ED-F44135BEA852}"
	ProjectSection(SolutionItems) = preProject
		utils.cs = utils.cs
	EndProjectSection
EndProject
Global
	GlobalSection(SolutionConfigurationPlatforms) = preSolution
		Debug|Any CPU = Debug|Any CPU
		Release|Any CPU = Release|Any CPU
	EndGlobalSection
	GlobalSection(ProjectConfigurationPlatforms) = postSolution
		{CBAC279D-BB11-4408-9159-A52E46A367D1}.Debug|Any CPU.ActiveCfg = Debug|Any CPU
		{CBAC279D-BB11-4408-9159-A52E46A367D1}.Debug|Any CPU.Build.0 = Debug|Any CPU
		{CBAC279D-BB11-4408-9159-A52E46A367D1}.Release|Any CPU.ActiveCfg = Release|Any CPU
		{CBAC279D-BB11-4408-9159-A52E46A367D1}.Release|Any CPU.Build.0 = Release|Any CPU
	EndGlobalSection
	GlobalSection(SolutionProperties) = preSolution
		HideSolutionNode = FALSE
	EndGlobalSection
	GlobalSection(ExtensibilityGlobals) = postSolution
		SolutionGuid = {0658236F-0211-46FB-8A8C-74EE53D10C0E}
	EndGlobalSection
EndGlobal
